
Microsoft Visual Studio Solution File, Format Version 12.00
# Visual Studio Version 17
VisualStudioVersion = 17.1.32421.90
MinimumVisualStudioVersion = 10.0.40219.1
Project("{9A19103F-16F7-4668-BE54-9A1E7A4F7556}") = "HomeWork_01", "HomeWork_01\HomeWork_01.csproj", "{21FE8599-9C1E-4AE5-8800-F66FD32A207B}"
EndProject
Project("{9A19103F-16F7-4668-BE54-9A1E7A4F7556}") = "HomeWork_02_1", "HomeWork_02_1\HomeWork_02_1.csproj", "{8F9C066A-8E5F-440F-A054-A06F51FBB8F4}"
EndProject
Project("{9A19103F-16F7-4668-BE54-9A1E7A4F7556}") = "HomeWork_02_2", "HomeWork_02_2\HomeWork_02_2.csproj", "{B94A8040-CDEC-4849-B030-05B32A12DCF5}"
EndProject
Project("{9A19103F-16F7-4668-BE54-9A1E7A4F7556}") = "Exam_01", "Exam_01\Exam_01.csproj", "{AEEB4AD7-725C-4312-A026-9659ECBA65AD}"
EndProject
Project("{9A19103F-16F7-4668-BE54-9A1E7A4F7556}") = "HomeWork_03", "HomeWork_03\HomeWork_03.csproj", "{E5F588F5-5261-49A0-B548-7BF90C033519}"
EndProject
Project("{9A19103F-16F7-4668-BE54-9A1E7A4F7556}") = "_InternetShop", "_InternetShop\_InternetShop.csproj", "{7AB16195-4D2F-41E8-A3D5-6CEFD6023D64}"
EndProject
Project("{9A19103F-16F7-4668-BE54-9A1E7A4F7556}") = "_Math", "_Math\_Math.csproj", "{7BF9D46A-2B0F-46BC-9DEF-07A936169D16}"
EndProject
Project("{FAE04EC0-301F-11D3-BF4B-00C04F79EFBC}") = "HomeWork_04", "HomeWork04\HomeWork_04.csproj", "{CB38C639-FB11-4C99-9D3C-97E4E2423842}"
EndProject
Global
	GlobalSection(SolutionConfigurationPlatforms) = preSolution
		Debug|Any CPU = Debug|Any CPU
		Release|Any CPU = Release|Any CPU
	EndGlobalSection
	GlobalSection(ProjectConfigurationPlatforms) = postSolution
		{21FE8599-9C1E-4AE5-8800-F66FD32A207B}.Debug|Any CPU.ActiveCfg = Debug|Any CPU
		{21FE8599-9C1E-4AE5-8800-F66FD32A207B}.Debug|Any CPU.Build.0 = Debug|Any CPU
		{21FE8599-9C1E-4AE5-8800-F66FD32A207B}.Release|Any CPU.ActiveCfg = Release|Any CPU
		{21FE8599-9C1E-4AE5-8800-F66FD32A207B}.Release|Any CPU.Build.0 = Release|Any CPU
		{8F9C066A-8E5F-440F-A054-A06F51FBB8F4}.Debug|Any CPU.ActiveCfg = Debug|Any CPU
		{8F9C066A-8E5F-440F-A054-A06F51FBB8F4}.Debug|Any CPU.Build.0 = Debug|Any CPU
		{8F9C066A-8E5F-440F-A054-A06F51FBB8F4}.Release|Any CPU.ActiveCfg = Release|Any CPU
		{8F9C066A-8E5F-440F-A054-A06F51FBB8F4}.Release|Any CPU.Build.0 = Release|Any CPU
		{B94A8040-CDEC-4849-B030-05B32A12DCF5}.Debug|Any CPU.ActiveCfg = Debug|Any CPU
		{B94A8040-CDEC-4849-B030-05B32A12DCF5}.Debug|Any CPU.Build.0 = Debug|Any CPU
		{B94A8040-CDEC-4849-B030-05B32A12DCF5}.Release|Any CPU.ActiveCfg = Release|Any CPU
		{B94A8040-CDEC-4849-B030-05B32A12DCF5}.Release|Any CPU.Build.0 = Release|Any CPU
		{AEEB4AD7-725C-4312-A026-9659ECBA65AD}.Debug|Any CPU.ActiveCfg = Debug|Any CPU
		{AEEB4AD7-725C-4312-A026-9659ECBA65AD}.Debug|Any CPU.Build.0 = Debug|Any CPU
		{AEEB4AD7-725C-4312-A026-9659ECBA65AD}.Release|Any CPU.ActiveCfg = Release|Any CPU
		{AEEB4AD7-725C-4312-A026-9659ECBA65AD}.Release|Any CPU.Build.0 = Release|Any CPU
		{E5F588F5-5261-49A0-B548-7BF90C033519}.Debug|Any CPU.ActiveCfg = Debug|Any CPU
		{E5F588F5-5261-49A0-B548-7BF90C033519}.Debug|Any CPU.Build.0 = Debug|Any CPU
		{E5F588F5-5261-49A0-B548-7BF90C033519}.Release|Any CPU.ActiveCfg = Release|Any CPU
		{E5F588F5-5261-49A0-B548-7BF90C033519}.Release|Any CPU.Build.0 = Release|Any CPU
		{7AB16195-4D2F-41E8-A3D5-6CEFD6023D64}.Debug|Any CPU.ActiveCfg = Debug|Any CPU
		{7AB16195-4D2F-41E8-A3D5-6CEFD6023D64}.Debug|Any CPU.Build.0 = Debug|Any CPU
		{7AB16195-4D2F-41E8-A3D5-6CEFD6023D64}.Release|Any CPU.ActiveCfg = Release|Any CPU
		{7AB16195-4D2F-41E8-A3D5-6CEFD6023D64}.Release|Any CPU.Build.0 = Release|Any CPU
		{7BF9D46A-2B0F-46BC-9DEF-07A936169D16}.Debug|Any CPU.ActiveCfg = Debug|Any CPU
		{7BF9D46A-2B0F-46BC-9DEF-07A936169D16}.Debug|Any CPU.Build.0 = Debug|Any CPU
		{7BF9D46A-2B0F-46BC-9DEF-07A936169D16}.Release|Any CPU.ActiveCfg = Release|Any CPU
		{7BF9D46A-2B0F-46BC-9DEF-07A936169D16}.Release|Any CPU.Build.0 = Release|Any CPU
		{CB38C639-FB11-4C99-9D3C-97E4E2423842}.Debug|Any CPU.ActiveCfg = Debug|Any CPU
		{CB38C639-FB11-4C99-9D3C-97E4E2423842}.Debug|Any CPU.Build.0 = Debug|Any CPU
		{CB38C639-FB11-4C99-9D3C-97E4E2423842}.Release|Any CPU.ActiveCfg = Release|Any CPU
		{CB38C639-FB11-4C99-9D3C-97E4E2423842}.Release|Any CPU.Build.0 = Release|Any CPU
	EndGlobalSection
	GlobalSection(SolutionProperties) = preSolution
		HideSolutionNode = FALSE
	EndGlobalSection
	GlobalSection(ExtensibilityGlobals) = postSolution
		SolutionGuid = {05C68B1D-0870-4A05-9A52-55BB3117B108}
	EndGlobalSection
EndGlobal
